
Microsoft Visual Studio Solution File, Format Version 12.00
# Visual Studio Version 16
VisualStudioVersion = 16.0.30717.126
MinimumVisualStudioVersion = 10.0.40219.1
Project("{FAE04EC0-301F-11D3-BF4B-00C04F79EFBC}") = "ClientNetworking", "..\Networking\ClientNetworking.csproj", "{64677229-88ED-4A80-A3E9-A45A1E59767E}"
EndProject
Project("{FAE04EC0-301F-11D3-BF4B-00C04F79EFBC}") = "Interfaces", "..\Interfaces\Interfaces.csproj", "{8EFE1ABB-8453-4EB7-B9AD-6B412CD1E793}"
EndProject
Project("{FAE04EC0-301F-11D3-BF4B-00C04F79EFBC}") = "LaserPointer", "..\LaserPointer\LaserPointer.csproj", "{37C0AD4D-A981-4D37-AE85-F19F5B817CDA}"
EndProject
Project("{FAE04EC0-301F-11D3-BF4B-00C04F79EFBC}") = "Client-Dummy", "Client-Dummy\Client-Dummy.csproj", "{87D4D7CF-6376-4B06-802A-827ED268B633}"
EndProject
Project("{FAE04EC0-301F-11D3-BF4B-00C04F79EFBC}") = "Overlay.NET", "..\Overlay.NET\Overlay.NET.csproj", "{2D411EA5-BC00-4630-B25E-43C554323E72}"
EndProject
Project("{FAE04EC0-301F-11D3-BF4B-00C04F79EFBC}") = "CommonNetworking", "..\..\CommonNetworking\CommonNetworking.csproj", "{B635B6E8-4551-42A5-A5F2-6A66294BBCEA}"
EndProject
Global
	GlobalSection(SolutionConfigurationPlatforms) = preSolution
		Debug|Any CPU = Debug|Any CPU
		Release|Any CPU = Release|Any CPU
	EndGlobalSection
	GlobalSection(ProjectConfigurationPlatforms) = postSolution
		{64677229-88ED-4A80-A3E9-A45A1E59767E}.Debug|Any CPU.ActiveCfg = Debug|Any CPU
		{64677229-88ED-4A80-A3E9-A45A1E59767E}.Debug|Any CPU.Build.0 = Debug|Any CPU
		{64677229-88ED-4A80-A3E9-A45A1E59767E}.Release|Any CPU.ActiveCfg = Release|Any CPU
		{64677229-88ED-4A80-A3E9-A45A1E59767E}.Release|Any CPU.Build.0 = Release|Any CPU
		{8EFE1ABB-8453-4EB7-B9AD-6B412CD1E793}.Debug|Any CPU.ActiveCfg = Debug|Any CPU
		{8EFE1ABB-8453-4EB7-B9AD-6B412CD1E793}.Debug|Any CPU.Build.0 = Debug|Any CPU
		{8EFE1ABB-8453-4EB7-B9AD-6B412CD1E793}.Release|Any CPU.ActiveCfg = Release|Any CPU
		{8EFE1ABB-8453-4EB7-B9AD-6B412CD1E793}.Release|Any CPU.Build.0 = Release|Any CPU
		{37C0AD4D-A981-4D37-AE85-F19F5B817CDA}.Debug|Any CPU.ActiveCfg = Debug|Any CPU
		{37C0AD4D-A981-4D37-AE85-F19F5B817CDA}.Debug|Any CPU.Build.0 = Debug|Any CPU
		{37C0AD4D-A981-4D37-AE85-F19F5B817CDA}.Release|Any CPU.ActiveCfg = Release|Any CPU
		{37C0AD4D-A981-4D37-AE85-F19F5B817CDA}.Release|Any CPU.Build.0 = Release|Any CPU
		{87D4D7CF-6376-4B06-802A-827ED268B633}.Debug|Any CPU.ActiveCfg = Debug|Any CPU
		{87D4D7CF-6376-4B06-802A-827ED268B633}.Debug|Any CPU.Build.0 = Debug|Any CPU
		{87D4D7CF-6376-4B06-802A-827ED268B633}.Release|Any CPU.ActiveCfg = Release|Any CPU
		{87D4D7CF-6376-4B06-802A-827ED268B633}.Release|Any CPU.Build.0 = Release|Any CPU
		{2D411EA5-BC00-4630-B25E-43C554323E72}.Debug|Any CPU.ActiveCfg = Debug|Any CPU
		{2D411EA5-BC00-4630-B25E-43C554323E72}.Debug|Any CPU.Build.0 = Debug|Any CPU
		{2D411EA5-BC00-4630-B25E-43C554323E72}.Release|Any CPU.ActiveCfg = Release|Any CPU
		{2D411EA5-BC00-4630-B25E-43C554323E72}.Release|Any CPU.Build.0 = Release|Any CPU
		{B635B6E8-4551-42A5-A5F2-6A66294BBCEA}.Debug|Any CPU.ActiveCfg = Debug|Any CPU
		{B635B6E8-4551-42A5-A5F2-6A66294BBCEA}.Debug|Any CPU.Build.0 = Debug|Any CPU
		{B635B6E8-4551-42A5-A5F2-6A66294BBCEA}.Release|Any CPU.ActiveCfg = Release|Any CPU
		{B635B6E8-4551-42A5-A5F2-6A66294BBCEA}.Release|Any CPU.Build.0 = Release|Any CPU
	EndGlobalSection
	GlobalSection(SolutionProperties) = preSolution
		HideSolutionNode = FALSE
	EndGlobalSection
	GlobalSection(ExtensibilityGlobals) = postSolution
		SolutionGuid = {D0CC149D-3332-4025-821B-673914A888E4}
	EndGlobalSection
EndGlobal
